
Microsoft Visual Studio Solution File, Format Version 12.00
# Visual Studio Version 17
VisualStudioVersion = 17.0.31912.275
MinimumVisualStudioVersion = 10.0.40219.1
Project("{9A19103F-16F7-4668-BE54-9A1E7A4F7556}") = "StickyDo.Widget.Controls", "StickyDo.Widget.Controls\StickyDo.Widget.Controls.csproj", "{E2A5C5A2-5E5C-4C5C-8C5C-5C5C5C5C5C5C}"
EndProject
Project("{9A19103F-16F7-4668-BE54-9A1E7A4F7556}") = "StickyDo.Widget", "StickyDo.Widget\StickyDo.Widget.csproj", "{E3A5C5A3-5E5C-4C5C-8C5C-5C5C5C5C5C5C}"
EndProject
Project("{FAE04EC0-301F-11D3-BF4B-00C04F79EFBC}") = "StickyDo.Domain.Tests", "..\StickyDo.Domain.Tests\StickyDo.Domain.Tests.csproj", "{B1407B17-0C79-4FF1-9103-0300644E2311}"
EndProject
Project("{FAE04EC0-301F-11D3-BF4B-00C04F79EFBC}") = "StickyDo.Domain", "..\StickyDo.Domain\StickyDo.Domain.csproj", "{836BFD53-62B6-4B29-8B55-E90875A30420}"
EndProject
Global
	GlobalSection(SolutionConfigurationPlatforms) = preSolution
		Debug|Any CPU = Debug|Any CPU
		Debug|x64 = Debug|x64
		Debug|x86 = Debug|x86
		Release|Any CPU = Release|Any CPU
		Release|x64 = Release|x64
		Release|x86 = Release|x86
	EndGlobalSection
	GlobalSection(ProjectConfigurationPlatforms) = postSolution
		{E2A5C5A2-5E5C-4C5C-8C5C-5C5C5C5C5C5C}.Debug|Any CPU.ActiveCfg = Debug|Any CPU
		{E2A5C5A2-5E5C-4C5C-8C5C-5C5C5C5C5C5C}.Debug|Any CPU.Build.0 = Debug|Any CPU
		{E2A5C5A2-5E5C-4C5C-8C5C-5C5C5C5C5C5C}.Debug|x64.ActiveCfg = Debug|Any CPU
		{E2A5C5A2-5E5C-4C5C-8C5C-5C5C5C5C5C5C}.Debug|x64.Build.0 = Debug|Any CPU
		{E2A5C5A2-5E5C-4C5C-8C5C-5C5C5C5C5C5C}.Debug|x86.ActiveCfg = Debug|Any CPU
		{E2A5C5A2-5E5C-4C5C-8C5C-5C5C5C5C5C5C}.Debug|x86.Build.0 = Debug|Any CPU
		{E2A5C5A2-5E5C-4C5C-8C5C-5C5C5C5C5C5C}.Release|Any CPU.ActiveCfg = Release|Any CPU
		{E2A5C5A2-5E5C-4C5C-8C5C-5C5C5C5C5C5C}.Release|Any CPU.Build.0 = Release|Any CPU
		{E2A5C5A2-5E5C-4C5C-8C5C-5C5C5C5C5C5C}.Release|x64.ActiveCfg = Release|Any CPU
		{E2A5C5A2-5E5C-4C5C-8C5C-5C5C5C5C5C5C}.Release|x64.Build.0 = Release|Any CPU
		{E2A5C5A2-5E5C-4C5C-8C5C-5C5C5C5C5C5C}.Release|x86.ActiveCfg = Release|Any CPU
		{E2A5C5A2-5E5C-4C5C-8C5C-5C5C5C5C5C5C}.Release|x86.Build.0 = Release|Any CPU
		{E3A5C5A3-5E5C-4C5C-8C5C-5C5C5C5C5C5C}.Debug|Any CPU.ActiveCfg = Debug|Any CPU
		{E3A5C5A3-5E5C-4C5C-8C5C-5C5C5C5C5C5C}.Debug|Any CPU.Build.0 = Debug|Any CPU
		{E3A5C5A3-5E5C-4C5C-8C5C-5C5C5C5C5C5C}.Debug|x64.ActiveCfg = Debug|Any CPU
		{E3A5C5A3-5E5C-4C5C-8C5C-5C5C5C5C5C5C}.Debug|x64.Build.0 = Debug|Any CPU
		{E3A5C5A3-5E5C-4C5C-8C5C-5C5C5C5C5C5C}.Debug|x86.ActiveCfg = Debug|Any CPU
		{E3A5C5A3-5E5C-4C5C-8C5C-5C5C5C5C5C5C}.Debug|x86.Build.0 = Debug|Any CPU
		{E3A5C5A3-5E5C-4C5C-8C5C-5C5C5C5C5C5C}.Release|Any CPU.ActiveCfg = Release|Any CPU
		{E3A5C5A3-5E5C-4C5C-8C5C-5C5C5C5C5C5C}.Release|Any CPU.Build.0 = Release|Any CPU
		{E3A5C5A3-5E5C-4C5C-8C5C-5C5C5C5C5C5C}.Release|x64.ActiveCfg = Release|Any CPU
		{E3A5C5A3-5E5C-4C5C-8C5C-5C5C5C5C5C5C}.Release|x64.Build.0 = Release|Any CPU
		{E3A5C5A3-5E5C-4C5C-8C5C-5C5C5C5C5C5C}.Release|x86.ActiveCfg = Release|Any CPU
		{E3A5C5A3-5E5C-4C5C-8C5C-5C5C5C5C5C5C}.Release|x86.Build.0 = Release|Any CPU
		{B1407B17-0C79-4FF1-9103-0300644E2311}.Debug|Any CPU.ActiveCfg = Debug|Any CPU
		{B1407B17-0C79-4FF1-9103-0300644E2311}.Debug|Any CPU.Build.0 = Debug|Any CPU
		{B1407B17-0C79-4FF1-9103-0300644E2311}.Debug|x64.ActiveCfg = Debug|Any CPU
		{B1407B17-0C79-4FF1-9103-0300644E2311}.Debug|x64.Build.0 = Debug|Any CPU
		{B1407B17-0C79-4FF1-9103-0300644E2311}.Debug|x86.ActiveCfg = Debug|Any CPU
		{B1407B17-0C79-4FF1-9103-0300644E2311}.Debug|x86.Build.0 = Debug|Any CPU
		{B1407B17-0C79-4FF1-9103-0300644E2311}.Release|Any CPU.ActiveCfg = Release|Any CPU
		{B1407B17-0C79-4FF1-9103-0300644E2311}.Release|Any CPU.Build.0 = Release|Any CPU
		{B1407B17-0C79-4FF1-9103-0300644E2311}.Release|x64.ActiveCfg = Release|Any CPU
		{B1407B17-0C79-4FF1-9103-0300644E2311}.Release|x64.Build.0 = Release|Any CPU
		{B1407B17-0C79-4FF1-9103-0300644E2311}.Release|x86.ActiveCfg = Release|Any CPU
		{B1407B17-0C79-4FF1-9103-0300644E2311}.Release|x86.Build.0 = Release|Any CPU
		{836BFD53-62B6-4B29-8B55-E90875A30420}.Debug|Any CPU.ActiveCfg = Debug|Any CPU
		{836BFD53-62B6-4B29-8B55-E90875A30420}.Debug|Any CPU.Build.0 = Debug|Any CPU
		{836BFD53-62B6-4B29-8B55-E90875A30420}.Debug|x64.ActiveCfg = Debug|Any CPU
		{836BFD53-62B6-4B29-8B55-E90875A30420}.Debug|x64.Build.0 = Debug|Any CPU
		{836BFD53-62B6-4B29-8B55-E90875A30420}.Debug|x86.ActiveCfg = Debug|Any CPU
		{836BFD53-62B6-4B29-8B55-E90875A30420}.Debug|x86.Build.0 = Debug|Any CPU
		{836BFD53-62B6-4B29-8B55-E90875A30420}.Release|Any CPU.ActiveCfg = Release|Any CPU
		{836BFD53-62B6-4B29-8B55-E90875A30420}.Release|Any CPU.Build.0 = Release|Any CPU
		{836BFD53-62B6-4B29-8B55-E90875A30420}.Release|x64.ActiveCfg = Release|Any CPU
		{836BFD53-62B6-4B29-8B55-E90875A30420}.Release|x64.Build.0 = Release|Any CPU
		{836BFD53-62B6-4B29-8B55-E90875A30420}.Release|x86.ActiveCfg = Release|Any CPU
		{836BFD53-62B6-4B29-8B55-E90875A30420}.Release|x86.Build.0 = Release|Any CPU
	EndGlobalSection
	GlobalSection(SolutionProperties) = preSolution
		HideSolutionNode = FALSE
	EndGlobalSection
EndGlobal
